{
  "version": 4,
  "terraform_version": "1.6.1",
  "serial": 824,
  "lineage": "897a78ae-4ff0-7754-baa1-fd9575662333",
  "outputs": {},
  "resources": [
    {
      "mode": "data",
      "type": "huaweicloud_availability_zones",
      "name": "myaz",
      "provider": "provider[\"registry.terraform.io/huaweicloud/huaweicloud\"]",
      "instances": [
        {
          "schema_version": 0,
          "attributes": {
            "id": "1504035816",
            "names": [
              "la-north-2a",
              "la-north-2c"
            ],
            "region": null,
            "state": "available"
          },
          "sensitive_attributes": []
        }
      ]
    },
    {
      "mode": "managed",
      "type": "huaweicloud_cce_cluster",
      "name": "mycce",
      "provider": "provider[\"registry.terraform.io/huaweicloud/huaweicloud\"]",
      "instances": [
        {
          "schema_version": 0,
          "attributes": {
            "annotations": null,
            "authenticating_proxy_ca": null,
            "authenticating_proxy_cert": null,
            "authenticating_proxy_private_key": null,
            "authentication_mode": "rbac",
            "auto_pay": null,
            "auto_renew": null,
            "billing_mode": 0,
            "certificate_clusters": [
              {
                "certificate_authority_data": "LS0tLS1CRUdJTiBDRVJUSUZJQ0FURS0tLS0tCk1JSUREekNDQWZlZ0F3SUJBZ0lCQURBTkJna3Foa2lHOXcwQkFRc0ZBREFwTVJrd0Z3WURWUVFLRXhCRFEwVWcKVkdWamFHNXZiRzluYVdWek1Rd3dDZ1lEVlFRREV3TkRRMFV3SGhjTk1qTXhNREkxTVRVeU16TXlXaGNOTkRNeApNREkxTVRVeU16TXlXakFwTVJrd0Z3WURWUVFLRXhCRFEwVWdWR1ZqYUc1dmJHOW5hV1Z6TVF3d0NnWURWUVFECkV3TkRRMFV3Z2dFaU1BMEdDU3FHU0liM0RRRUJBUVVBQTRJQkR3QXdnZ0VLQW9JQkFRQ3pCVk9mWG91WHJEV2YKUC82RWpCTFJERzNpK29IaUtPelAwYVI5QUdSZ0d3N1VOM3JjMzRtZzdxUHZQN29QUmozV1p4Unc4a2RZNU1yYgpGUTIwMi9NOUdFNm5XUlBlWXdtVVNPaHVXeEVUZFBjMmZaWi9KSlRUNTB3bFVEZU5PYVJwWWk3dDdOYXFmMWFOClVJRE1aVkUwUjdpa3FDUXZFMzJPOHNjZ1U2VGpjUktoc0xyZ3UveDcrM0IyanUyK1dGYVM3U3JKVlh6eDcxRWsKNlAwSFY2UHpOS2VYbEhZRmtRc04xejNjZm9ZNzFOaFQ4czVMa09KS29wa1ZBblViYkVoakI2SGlVZ05Zd3I2NAo3Sm5QdjVpVWoxZzZwbnpVWmFpSFVXWHdxQ1VxU0ladFF4K1oxaVZvNjdzektJK1NNMms1RkRBUXpTbXZ3Qnk1CldLdDF1aFNQQWdNQkFBR2pRakJBTUE0R0ExVWREd0VCL3dRRUF3SUNwREFQQmdOVkhSTUJBZjhFQlRBREFRSC8KTUIwR0ExVWREZ1FXQkJTQTlNVnVxMEloSmk3L3pZWVJsWnF4SGpDeTFqQU5CZ2txaGtpRzl3MEJBUXNGQUFPQwpBUUVBUkZhQXhHYXB4dGhDT28wRVgwbC9tYVVkQzNyTm1JNE9MZnplOXlVdDBzdjBrVTA2WU8wY0ROeHJYcWhICnV1OFE4KzFRSnF1VFhINngyem9LZFNKdi8zVVkwSDRZSmpUcGM0RFVYOGRrd29tVmNNaWkxWVNCTXdZQWplZ1QKNWx6bW5HWlBEdGpqdEZvalJvR0h0bHk1WWRIcG5UQlJtOEx6OWVaallyQUM3SjhGeUtBN3BXWldFNGhacmNuawpTTHNzWHdpbjBFYVp2a2p0blcyVzZjVlV1N3dsQXVHeWhVMVlnRXFCc2VKUXpHbDV4Si9QRlNkMmxiNFN2VnFHCjhtLy9pMW42UHQwVWlmdGtqZGtNYlRqSmU1M3IzUWYvQ1ZoekJtaWNtQm1LYlZJcUZzR3ZuUDZhSk1Hakx3bjgKcWhRRld4TzF0REVmclg2b3A2NG4rY1VoV1E9PQotLS0tLUVORCBDRVJUSUZJQ0FURS0tLS0tCg==",
                "name": "internalCluster",
                "server": "https://10.10.1.189:5443"
              },
              {
                "certificate_authority_data": "",
                "name": "externalCluster",
                "server": "https://122.8.187.72:5443"
              },
              {
                "certificate_authority_data": "LS0tLS1CRUdJTiBDRVJUSUZJQ0FURS0tLS0tCk1JSUREekNDQWZlZ0F3SUJBZ0lCQURBTkJna3Foa2lHOXcwQkFRc0ZBREFwTVJrd0Z3WURWUVFLRXhCRFEwVWcKVkdWamFHNXZiRzluYVdWek1Rd3dDZ1lEVlFRREV3TkRRMFV3SGhjTk1qTXhNREkxTVRVeU16TXlXaGNOTkRNeApNREkxTVRVeU16TXlXakFwTVJrd0Z3WURWUVFLRXhCRFEwVWdWR1ZqYUc1dmJHOW5hV1Z6TVF3d0NnWURWUVFECkV3TkRRMFV3Z2dFaU1BMEdDU3FHU0liM0RRRUJBUVVBQTRJQkR3QXdnZ0VLQW9JQkFRQ3pCVk9mWG91WHJEV2YKUC82RWpCTFJERzNpK29IaUtPelAwYVI5QUdSZ0d3N1VOM3JjMzRtZzdxUHZQN29QUmozV1p4Unc4a2RZNU1yYgpGUTIwMi9NOUdFNm5XUlBlWXdtVVNPaHVXeEVUZFBjMmZaWi9KSlRUNTB3bFVEZU5PYVJwWWk3dDdOYXFmMWFOClVJRE1aVkUwUjdpa3FDUXZFMzJPOHNjZ1U2VGpjUktoc0xyZ3UveDcrM0IyanUyK1dGYVM3U3JKVlh6eDcxRWsKNlAwSFY2UHpOS2VYbEhZRmtRc04xejNjZm9ZNzFOaFQ4czVMa09KS29wa1ZBblViYkVoakI2SGlVZ05Zd3I2NAo3Sm5QdjVpVWoxZzZwbnpVWmFpSFVXWHdxQ1VxU0ladFF4K1oxaVZvNjdzektJK1NNMms1RkRBUXpTbXZ3Qnk1CldLdDF1aFNQQWdNQkFBR2pRakJBTUE0R0ExVWREd0VCL3dRRUF3SUNwREFQQmdOVkhSTUJBZjhFQlRBREFRSC8KTUIwR0ExVWREZ1FXQkJTQTlNVnVxMEloSmk3L3pZWVJsWnF4SGpDeTFqQU5CZ2txaGtpRzl3MEJBUXNGQUFPQwpBUUVBUkZhQXhHYXB4dGhDT28wRVgwbC9tYVVkQzNyTm1JNE9MZnplOXlVdDBzdjBrVTA2WU8wY0ROeHJYcWhICnV1OFE4KzFRSnF1VFhINngyem9LZFNKdi8zVVkwSDRZSmpUcGM0RFVYOGRrd29tVmNNaWkxWVNCTXdZQWplZ1QKNWx6bW5HWlBEdGpqdEZvalJvR0h0bHk1WWRIcG5UQlJtOEx6OWVaallyQUM3SjhGeUtBN3BXWldFNGhacmNuawpTTHNzWHdpbjBFYVp2a2p0blcyVzZjVlV1N3dsQXVHeWhVMVlnRXFCc2VKUXpHbDV4Si9QRlNkMmxiNFN2VnFHCjhtLy9pMW42UHQwVWlmdGtqZGtNYlRqSmU1M3IzUWYvQ1ZoekJtaWNtQm1LYlZJcUZzR3ZuUDZhSk1Hakx3bjgKcWhRRld4TzF0REVmclg2b3A2NG4rY1VoV1E9PQotLS0tLUVORCBDRVJUSUZJQ0FURS0tLS0tCg==",
                "name": "externalClusterTLSVerify",
                "server": "https://122.8.187.72:5443"
              }
            ],
            "certificate_users": [
              {
                "client_certificate_data": "LS0tLS1CRUdJTiBDRVJUSUZJQ0FURS0tLS0tCk1JSUVURENDQXpTZ0F3SUJBZ0lJVzBTbnhmOE1DblV3RFFZSktvWklodmNOQVFFTEJRQXdLVEVaTUJjR0ExVUUKQ2hNUVEwTkZJRlJsWTJodWIyeHZaMmxsY3pFTU1Bb0dBMVVFQXhNRFEwTkZNQjRYRFRJek1UQXlOVEUxTWpNegpNMW9YRFRJNE1UQXlOVEUxTWpNek0xb3dNakVYTUJVR0ExVUVDaE1PYzNsemRHVnRPbTFoYzNSbGNuTXhGekFWCkJnTlZCQU1URG5ONWMzUmxiVHB0WVhOMFpYSnpNSUlCSWpBTkJna3Foa2lHOXcwQkFRRUZBQU9DQVE4QU1JSUIKQ2dLQ0FRRUFzd1ZUbjE2TGw2dzFuei8raEl3UzBReHQ0dnFCNGlqc3o5R2tmUUJrWUJzTzFEZDYzTitKb082ago3eis2RDBZOTFtY1VjUEpIV09USzJ4VU50TnZ6UFJoT3Axa1QzbU1KbEVqb2Jsc1JFM1QzTm4yV2Z5U1UwK2RNCkpWQTNqVG1rYVdJdTdleldxbjlXalZDQXpHVlJORWU0cEtna0x4TjlqdkxISUZPazQzRVNvYkM2NEx2OGUvdHcKZG83dHZsaFdrdTBxeVZWODhlOVJKT2o5QjFlajh6U25sNVIyQlpFTERkYzkzSDZHTzlUWVUvTE9TNURpU3FLWgpGUUoxRzJ4SVl3ZWg0bElEV01LK3VPeVp6NytZbEk5WU9xWjgxR1dvaDFGbDhLZ2xLa2lHYlVNZm1kWWxhT3U3Ck15aVBrak5wT1JRd0VNMHByOEFjdVZpcmRib1Vqd0lEQVFBQm80SUJiVENDQVdrd0RnWURWUjBQQVFIL0JBUUQKQWdXZ01CMEdBMVVkSlFRV01CUUdDQ3NHQVFVRkJ3TUNCZ2dyQmdFRkJRY0RBVEFmQmdOVkhTTUVHREFXZ0JTQQo5TVZ1cTBJaEppNy96WVlSbFpxeEhqQ3kxakNDQVJVR0ExVWRFUVNDQVF3d2dnRUlnaVJyZFdKbGNtNWxkR1Z6CkxtUmxabUYxYkhRdWMzWmpMbU5zZFhOMFpYSXViRzlqWVd5Q0ZtdDFZbVZ5Ym1WMFpYTXVaR1ZtWVhWc2RDNXoKZG1PQ0VtdDFZbVZ5Ym1WMFpYTXVaR1ZtWVhWc2RJSUthM1ZpWlhKdVpYUmxjNEluYVhOMGFXOHRjMmxrWldOaApjaTFwYm1wbFkzUnZjaTVwYzNScGJ5MXplWE4wWlcwdWMzWmpnaDV3Y205NGVTMWxlSEJ2Y25SbGNpNXJkV0psCkxYTjVjM1JsYlM1emRtT0NGMlY0ZEdWeWJtRnNMbXQxWW1WeWJtVjBaWE11YzNaamh4RDlBQkkwQUFBQUFBQUEKQUFBQUFBQUJod1IvQUFBQmh3UUs5d0FDaHdTcC9oOENod1FLOXdBQmh3UmtRM0FvaHdUQXFBYXhod1I2Q0x0SQpod1FLQ2dHOWh3U3AvaDhDTUEwR0NTcUdTSWIzRFFFQkN3VUFBNElCQVFDdnE5aFJ3bCtrOUhEUHBvL1RSVzFTCnA4RldueERBNnBrN2lxcVRpZEJBL1ZsMDR5UWlPb0hRWm1mNXlUWkRWdFQ3RGErTnJkSG8rc2Roald6NWxMc2UKd1RGalNFU09CRGkrdktZMzAySVA2R3RDUGZSTk9tNG9uZXFhNEZMK0Q5eVVFRnNxaU9QdmZMU2szMVIwclNMdQpLS2RScmxQZ1huRklMQlRRQlorcGNHcFZuOWk4ZzJlUjdRaUd6cWUxUDhoV2swZlMxOURVclRNZmcxVktSZWNyClVKYzdkTDRyQjJMSjQxT1N5OGl6OWY3TWNKNTVsTEpSVXp3aHUvdjBDTmp4Ymg0UGJuNzZoNUJhT3Y1ZFhmUjgKVnNLbVRLS25qTnBkalREYzJNRElJUzdIbGtLeEpTZE1Hc2swOVp6V3A1UGFMSjc1VGZ3Y2MvdU1ZM2VDRC9sZQotLS0tLUVORCBDRVJUSUZJQ0FURS0tLS0tCg==",
                "client_key_data": "LS0tLS1CRUdJTiBSU0EgUFJJVkFURSBLRVktLS0tLQpNSUlFcEFJQkFBS0NBUUVBc3dWVG4xNkxsNncxbnovK2hJd1MwUXh0NHZxQjRpanN6OUdrZlFCa1lCc08xRGQ2CjNOK0pvTzZqN3orNkQwWTkxbWNVY1BKSFdPVEsyeFVOdE52elBSaE9wMWtUM21NSmxFam9ibHNSRTNUM05uMlcKZnlTVTArZE1KVkEzalRta2FXSXU3ZXpXcW45V2pWQ0F6R1ZSTkVlNHBLZ2tMeE45anZMSElGT2s0M0VTb2JDNgo0THY4ZS90d2RvN3R2bGhXa3UwcXlWVjg4ZTlSSk9qOUIxZWo4elNubDVSMkJaRUxEZGM5M0g2R085VFlVL0xPClM1RGlTcUtaRlFKMUcyeElZd2VoNGxJRFdNSyt1T3laejcrWWxJOVlPcVo4MUdXb2gxRmw4S2dsS2tpR2JVTWYKbWRZbGFPdTdNeWlQa2pOcE9SUXdFTTBwcjhBY3VWaXJkYm9VandJREFRQUJBb0lCQUNCNmpPdFRDZHhnbi9IZQplRnl2MVJJY1FTdDI2MjJPb3pnby9zQzIrMzc4S2JxU3ZqV29VSjNqN2RZUUo3OXhyUEpqRFRCWXBGMGFWVHRlCkhIaDlseW0wYVVDdlJvMklSa3FpMTVoOTZTRXdqVkZUZzZSWmpLN05QZUZmSmxUMjZqODhVdXRUbHJha0Y1M1gKeHlaT0UyZDZ3Nk1MNWxTc0lwRjJ0bTNFL3h0TU1HbWRrN0ZLR2h3MW9Sczhhd1pJRWcxRDJpNnNwMVFVaHFWbApxWFE5ejByc1dDSTJCeGphQ014aHpWL0RCa0srTzA2eGJ3UloxSG8weDFudzlidlRXNmU0Y0RjQndtaUpVbTl5CkdmcUF5QitYSUVYekUzOHduZDg5ajZjbmt4ak1WUGkrczdRaUM3VCs0RlFoS1YyUDJjd1NZeEtRWlpnc3JMbUYKRzVNUStkRUNnWUVBNmgvUjRHNzBFREViOW5JVGRUeUR1T01ZTVh2ZXc2NVU5Njk1NTdaWFZrV2preHQrUkdXMgpDQXVKb25zNTU3S1l3OUZQTHF0YU82SFRQQmNiMXJ6akRXS3UrQW0zdWdTaG1nNDIxNXBwM1NJaGVZQVk4SG1MCmVVUmJiSW5vSFcrSFduVUk5YlJhWGdZSThGS0VRV3prbWVsQnRjbTE4Uzl3SGZxZnVpeFlnVE1DZ1lFQXc3OXkKMDhCVVVPdVZiUDZNMGFFUnpJMU1leW9YcE9GWEIyS25DM1VhUElZV1ZSQ2FHeFdhcEhyeXdLNDF6a0RMZVRZRQpXSDQ0UlA3UjA4aGViQ1NOU2hlNkJ0UGQwYjJpdkxNNWZ1NzB5WnN1Y1l1QU5nM2JKdlFyc2hPSGNTM0lxMTE0CnVPS2xtRXc1R2lIQytkRGhucko0ekpjeVFvV3dlZkNCU0p5RlZ6VUNnWUVBd3hQMlhZbzF4SlFXMTVjZnpXeTUKMk1Fb2RIcmhGNjFYMFBXZW5zcVpKU0pyZEhUUkZnNmx5VGhMMjEzUDF0WkNZYzh5cWhGTzR5Y29pZ1k3UlFjbwpMUXdQL0U2a2p0T3pEMWxPcXdGWHVsRHBFWU1CeE1XUnlGNkR5d0Z4cmEwelc5VHV2VVFray9sMVUwRitQOEdMCkRRK0ZtQUpWbm54SGNFTlcrZHBmZUc4Q2dZQXBYNkhKbC9FNldWRHdCSzJHOFdCdHQ3L2VtSHIrNHBJZWdYK0YKTUc4bk04QXNvcUd2NzlVTHh1RGdVUElXY2lPUHJ4Y2tEU21maTZ5Vjh0ZmlTNmVCYlpwb0x3ZkhlU21ZY05sSwpOditPVFRwM3pXQ0FERld4MmhJU1JZWnZLWm9zZmtreDZ0WE5adTc2MHYvL0JXTnF3NVk4eUFoYmZ4NVo1N2VyCnZVbUJzUUtCZ1FDWUZxUzVMd2ZZNUxBLzVHSm85WnNUd2tjSFJiTnlXd1B3VG81YVh3TWlyWTZkbHZEdGR4MFkKTXpldUVqeU5MWmM0aUlPUmZYbitCblpCZlYvZkgyT2pxRld3SjJidUZ4Vk9hbmFZYUFkeldoUUd0MmQwRUEvSQpGNnNEbGdYdFdCaUFhMnNrd054bHZiNFY5Z2JDNlVlcC9EcmJLbFZJMUNxZ2VmaHRXZ0dJU2c9PQotLS0tLUVORCBSU0EgUFJJVkFURSBLRVktLS0tLQo=",
                "name": "user"
              }
            ],
            "charging_mode": null,
            "cluster_type": "VirtualMachine",
            "cluster_version": "v1.25",
            "container_network_cidr": "172.16.0.0/16",
            "container_network_type": "overlay_l2",
            "delete_all": null,
            "delete_efs": null,
            "delete_eni": null,
            "delete_evs": null,
            "delete_net": null,
            "delete_obs": null,
            "delete_sfs": null,
            "description": "",
            "eip": "122.8.187.72",
            "eni_subnet_cidr": "",
            "eni_subnet_id": "",
            "enterprise_project_id": "",
            "extend_param": null,
            "flavor_id": "cce.s1.small",
            "hibernate": null,
            "highway_subnet_id": "",
            "id": "4b4e246f-734a-11ee-8430-0255ac100105",
            "kube_config_raw": "{\"apiVersion\":\"v1\",\"clusters\":[{\"cluster\":{\"certificate-authority-data\":\"LS0tLS1CRUdJTiBDRVJUSUZJQ0FURS0tLS0tCk1JSUREekNDQWZlZ0F3SUJBZ0lCQURBTkJna3Foa2lHOXcwQkFRc0ZBREFwTVJrd0Z3WURWUVFLRXhCRFEwVWcKVkdWamFHNXZiRzluYVdWek1Rd3dDZ1lEVlFRREV3TkRRMFV3SGhjTk1qTXhNREkxTVRVeU16TXlXaGNOTkRNeApNREkxTVRVeU16TXlXakFwTVJrd0Z3WURWUVFLRXhCRFEwVWdWR1ZqYUc1dmJHOW5hV1Z6TVF3d0NnWURWUVFECkV3TkRRMFV3Z2dFaU1BMEdDU3FHU0liM0RRRUJBUVVBQTRJQkR3QXdnZ0VLQW9JQkFRQ3pCVk9mWG91WHJEV2YKUC82RWpCTFJERzNpK29IaUtPelAwYVI5QUdSZ0d3N1VOM3JjMzRtZzdxUHZQN29QUmozV1p4Unc4a2RZNU1yYgpGUTIwMi9NOUdFNm5XUlBlWXdtVVNPaHVXeEVUZFBjMmZaWi9KSlRUNTB3bFVEZU5PYVJwWWk3dDdOYXFmMWFOClVJRE1aVkUwUjdpa3FDUXZFMzJPOHNjZ1U2VGpjUktoc0xyZ3UveDcrM0IyanUyK1dGYVM3U3JKVlh6eDcxRWsKNlAwSFY2UHpOS2VYbEhZRmtRc04xejNjZm9ZNzFOaFQ4czVMa09KS29wa1ZBblViYkVoakI2SGlVZ05Zd3I2NAo3Sm5QdjVpVWoxZzZwbnpVWmFpSFVXWHdxQ1VxU0ladFF4K1oxaVZvNjdzektJK1NNMms1RkRBUXpTbXZ3Qnk1CldLdDF1aFNQQWdNQkFBR2pRakJBTUE0R0ExVWREd0VCL3dRRUF3SUNwREFQQmdOVkhSTUJBZjhFQlRBREFRSC8KTUIwR0ExVWREZ1FXQkJTQTlNVnVxMEloSmk3L3pZWVJsWnF4SGpDeTFqQU5CZ2txaGtpRzl3MEJBUXNGQUFPQwpBUUVBUkZhQXhHYXB4dGhDT28wRVgwbC9tYVVkQzNyTm1JNE9MZnplOXlVdDBzdjBrVTA2WU8wY0ROeHJYcWhICnV1OFE4KzFRSnF1VFhINngyem9LZFNKdi8zVVkwSDRZSmpUcGM0RFVYOGRrd29tVmNNaWkxWVNCTXdZQWplZ1QKNWx6bW5HWlBEdGpqdEZvalJvR0h0bHk1WWRIcG5UQlJtOEx6OWVaallyQUM3SjhGeUtBN3BXWldFNGhacmNuawpTTHNzWHdpbjBFYVp2a2p0blcyVzZjVlV1N3dsQXVHeWhVMVlnRXFCc2VKUXpHbDV4Si9QRlNkMmxiNFN2VnFHCjhtLy9pMW42UHQwVWlmdGtqZGtNYlRqSmU1M3IzUWYvQ1ZoekJtaWNtQm1LYlZJcUZzR3ZuUDZhSk1Hakx3bjgKcWhRRld4TzF0REVmclg2b3A2NG4rY1VoV1E9PQotLS0tLUVORCBDRVJUSUZJQ0FURS0tLS0tCg==\",\"server\":\"https://10.10.1.189:5443\"},\"name\":\"internalCluster\"},{\"cluster\":{\"insecure-skip-tls-verify\":true,\"server\":\"https://122.8.187.72:5443\"},\"name\":\"externalCluster\"},{\"cluster\":{\"certificate-authority-data\":\"LS0tLS1CRUdJTiBDRVJUSUZJQ0FURS0tLS0tCk1JSUREekNDQWZlZ0F3SUJBZ0lCQURBTkJna3Foa2lHOXcwQkFRc0ZBREFwTVJrd0Z3WURWUVFLRXhCRFEwVWcKVkdWamFHNXZiRzluYVdWek1Rd3dDZ1lEVlFRREV3TkRRMFV3SGhjTk1qTXhNREkxTVRVeU16TXlXaGNOTkRNeApNREkxTVRVeU16TXlXakFwTVJrd0Z3WURWUVFLRXhCRFEwVWdWR1ZqYUc1dmJHOW5hV1Z6TVF3d0NnWURWUVFECkV3TkRRMFV3Z2dFaU1BMEdDU3FHU0liM0RRRUJBUVVBQTRJQkR3QXdnZ0VLQW9JQkFRQ3pCVk9mWG91WHJEV2YKUC82RWpCTFJERzNpK29IaUtPelAwYVI5QUdSZ0d3N1VOM3JjMzRtZzdxUHZQN29QUmozV1p4Unc4a2RZNU1yYgpGUTIwMi9NOUdFNm5XUlBlWXdtVVNPaHVXeEVUZFBjMmZaWi9KSlRUNTB3bFVEZU5PYVJwWWk3dDdOYXFmMWFOClVJRE1aVkUwUjdpa3FDUXZFMzJPOHNjZ1U2VGpjUktoc0xyZ3UveDcrM0IyanUyK1dGYVM3U3JKVlh6eDcxRWsKNlAwSFY2UHpOS2VYbEhZRmtRc04xejNjZm9ZNzFOaFQ4czVMa09KS29wa1ZBblViYkVoakI2SGlVZ05Zd3I2NAo3Sm5QdjVpVWoxZzZwbnpVWmFpSFVXWHdxQ1VxU0ladFF4K1oxaVZvNjdzektJK1NNMms1RkRBUXpTbXZ3Qnk1CldLdDF1aFNQQWdNQkFBR2pRakJBTUE0R0ExVWREd0VCL3dRRUF3SUNwREFQQmdOVkhSTUJBZjhFQlRBREFRSC8KTUIwR0ExVWREZ1FXQkJTQTlNVnVxMEloSmk3L3pZWVJsWnF4SGpDeTFqQU5CZ2txaGtpRzl3MEJBUXNGQUFPQwpBUUVBUkZhQXhHYXB4dGhDT28wRVgwbC9tYVVkQzNyTm1JNE9MZnplOXlVdDBzdjBrVTA2WU8wY0ROeHJYcWhICnV1OFE4KzFRSnF1VFhINngyem9LZFNKdi8zVVkwSDRZSmpUcGM0RFVYOGRrd29tVmNNaWkxWVNCTXdZQWplZ1QKNWx6bW5HWlBEdGpqdEZvalJvR0h0bHk1WWRIcG5UQlJtOEx6OWVaallyQUM3SjhGeUtBN3BXWldFNGhacmNuawpTTHNzWHdpbjBFYVp2a2p0blcyVzZjVlV1N3dsQXVHeWhVMVlnRXFCc2VKUXpHbDV4Si9QRlNkMmxiNFN2VnFHCjhtLy9pMW42UHQwVWlmdGtqZGtNYlRqSmU1M3IzUWYvQ1ZoekJtaWNtQm1LYlZJcUZzR3ZuUDZhSk1Hakx3bjgKcWhRRld4TzF0REVmclg2b3A2NG4rY1VoV1E9PQotLS0tLUVORCBDRVJUSUZJQ0FURS0tLS0tCg==\",\"server\":\"https://122.8.187.72:5443\"},\"name\":\"externalClusterTLSVerify\"}],\"contexts\":[{\"context\":{\"cluster\":\"internalCluster\",\"user\":\"user\"},\"name\":\"internal\"},{\"context\":{\"cluster\":\"externalCluster\",\"user\":\"user\"},\"name\":\"external\"},{\"context\":{\"cluster\":\"externalClusterTLSVerify\",\"user\":\"user\"},\"name\":\"externalTLSVerify\"}],\"current-context\":\"external\",\"kind\":\"Config\",\"preferences\":{},\"users\":[{\"name\":\"user\",\"user\":{\"client-certificate-data\":\"LS0tLS1CRUdJTiBDRVJUSUZJQ0FURS0tLS0tCk1JSUVURENDQXpTZ0F3SUJBZ0lJVzBTbnhmOE1DblV3RFFZSktvWklodmNOQVFFTEJRQXdLVEVaTUJjR0ExVUUKQ2hNUVEwTkZJRlJsWTJodWIyeHZaMmxsY3pFTU1Bb0dBMVVFQXhNRFEwTkZNQjRYRFRJek1UQXlOVEUxTWpNegpNMW9YRFRJNE1UQXlOVEUxTWpNek0xb3dNakVYTUJVR0ExVUVDaE1PYzNsemRHVnRPbTFoYzNSbGNuTXhGekFWCkJnTlZCQU1URG5ONWMzUmxiVHB0WVhOMFpYSnpNSUlCSWpBTkJna3Foa2lHOXcwQkFRRUZBQU9DQVE4QU1JSUIKQ2dLQ0FRRUFzd1ZUbjE2TGw2dzFuei8raEl3UzBReHQ0dnFCNGlqc3o5R2tmUUJrWUJzTzFEZDYzTitKb082ago3eis2RDBZOTFtY1VjUEpIV09USzJ4VU50TnZ6UFJoT3Axa1QzbU1KbEVqb2Jsc1JFM1QzTm4yV2Z5U1UwK2RNCkpWQTNqVG1rYVdJdTdleldxbjlXalZDQXpHVlJORWU0cEtna0x4TjlqdkxISUZPazQzRVNvYkM2NEx2OGUvdHcKZG83dHZsaFdrdTBxeVZWODhlOVJKT2o5QjFlajh6U25sNVIyQlpFTERkYzkzSDZHTzlUWVUvTE9TNURpU3FLWgpGUUoxRzJ4SVl3ZWg0bElEV01LK3VPeVp6NytZbEk5WU9xWjgxR1dvaDFGbDhLZ2xLa2lHYlVNZm1kWWxhT3U3Ck15aVBrak5wT1JRd0VNMHByOEFjdVZpcmRib1Vqd0lEQVFBQm80SUJiVENDQVdrd0RnWURWUjBQQVFIL0JBUUQKQWdXZ01CMEdBMVVkSlFRV01CUUdDQ3NHQVFVRkJ3TUNCZ2dyQmdFRkJRY0RBVEFmQmdOVkhTTUVHREFXZ0JTQQo5TVZ1cTBJaEppNy96WVlSbFpxeEhqQ3kxakNDQVJVR0ExVWRFUVNDQVF3d2dnRUlnaVJyZFdKbGNtNWxkR1Z6CkxtUmxabUYxYkhRdWMzWmpMbU5zZFhOMFpYSXViRzlqWVd5Q0ZtdDFZbVZ5Ym1WMFpYTXVaR1ZtWVhWc2RDNXoKZG1PQ0VtdDFZbVZ5Ym1WMFpYTXVaR1ZtWVhWc2RJSUthM1ZpWlhKdVpYUmxjNEluYVhOMGFXOHRjMmxrWldOaApjaTFwYm1wbFkzUnZjaTVwYzNScGJ5MXplWE4wWlcwdWMzWmpnaDV3Y205NGVTMWxlSEJ2Y25SbGNpNXJkV0psCkxYTjVjM1JsYlM1emRtT0NGMlY0ZEdWeWJtRnNMbXQxWW1WeWJtVjBaWE11YzNaamh4RDlBQkkwQUFBQUFBQUEKQUFBQUFBQUJod1IvQUFBQmh3UUs5d0FDaHdTcC9oOENod1FLOXdBQmh3UmtRM0FvaHdUQXFBYXhod1I2Q0x0SQpod1FLQ2dHOWh3U3AvaDhDTUEwR0NTcUdTSWIzRFFFQkN3VUFBNElCQVFDdnE5aFJ3bCtrOUhEUHBvL1RSVzFTCnA4RldueERBNnBrN2lxcVRpZEJBL1ZsMDR5UWlPb0hRWm1mNXlUWkRWdFQ3RGErTnJkSG8rc2Roald6NWxMc2UKd1RGalNFU09CRGkrdktZMzAySVA2R3RDUGZSTk9tNG9uZXFhNEZMK0Q5eVVFRnNxaU9QdmZMU2szMVIwclNMdQpLS2RScmxQZ1huRklMQlRRQlorcGNHcFZuOWk4ZzJlUjdRaUd6cWUxUDhoV2swZlMxOURVclRNZmcxVktSZWNyClVKYzdkTDRyQjJMSjQxT1N5OGl6OWY3TWNKNTVsTEpSVXp3aHUvdjBDTmp4Ymg0UGJuNzZoNUJhT3Y1ZFhmUjgKVnNLbVRLS25qTnBkalREYzJNRElJUzdIbGtLeEpTZE1Hc2swOVp6V3A1UGFMSjc1VGZ3Y2MvdU1ZM2VDRC9sZQotLS0tLUVORCBDRVJUSUZJQ0FURS0tLS0tCg==\",\"client-key-data\":\"LS0tLS1CRUdJTiBSU0EgUFJJVkFURSBLRVktLS0tLQpNSUlFcEFJQkFBS0NBUUVBc3dWVG4xNkxsNncxbnovK2hJd1MwUXh0NHZxQjRpanN6OUdrZlFCa1lCc08xRGQ2CjNOK0pvTzZqN3orNkQwWTkxbWNVY1BKSFdPVEsyeFVOdE52elBSaE9wMWtUM21NSmxFam9ibHNSRTNUM05uMlcKZnlTVTArZE1KVkEzalRta2FXSXU3ZXpXcW45V2pWQ0F6R1ZSTkVlNHBLZ2tMeE45anZMSElGT2s0M0VTb2JDNgo0THY4ZS90d2RvN3R2bGhXa3UwcXlWVjg4ZTlSSk9qOUIxZWo4elNubDVSMkJaRUxEZGM5M0g2R085VFlVL0xPClM1RGlTcUtaRlFKMUcyeElZd2VoNGxJRFdNSyt1T3laejcrWWxJOVlPcVo4MUdXb2gxRmw4S2dsS2tpR2JVTWYKbWRZbGFPdTdNeWlQa2pOcE9SUXdFTTBwcjhBY3VWaXJkYm9VandJREFRQUJBb0lCQUNCNmpPdFRDZHhnbi9IZQplRnl2MVJJY1FTdDI2MjJPb3pnby9zQzIrMzc4S2JxU3ZqV29VSjNqN2RZUUo3OXhyUEpqRFRCWXBGMGFWVHRlCkhIaDlseW0wYVVDdlJvMklSa3FpMTVoOTZTRXdqVkZUZzZSWmpLN05QZUZmSmxUMjZqODhVdXRUbHJha0Y1M1gKeHlaT0UyZDZ3Nk1MNWxTc0lwRjJ0bTNFL3h0TU1HbWRrN0ZLR2h3MW9Sczhhd1pJRWcxRDJpNnNwMVFVaHFWbApxWFE5ejByc1dDSTJCeGphQ014aHpWL0RCa0srTzA2eGJ3UloxSG8weDFudzlidlRXNmU0Y0RjQndtaUpVbTl5CkdmcUF5QitYSUVYekUzOHduZDg5ajZjbmt4ak1WUGkrczdRaUM3VCs0RlFoS1YyUDJjd1NZeEtRWlpnc3JMbUYKRzVNUStkRUNnWUVBNmgvUjRHNzBFREViOW5JVGRUeUR1T01ZTVh2ZXc2NVU5Njk1NTdaWFZrV2preHQrUkdXMgpDQXVKb25zNTU3S1l3OUZQTHF0YU82SFRQQmNiMXJ6akRXS3UrQW0zdWdTaG1nNDIxNXBwM1NJaGVZQVk4SG1MCmVVUmJiSW5vSFcrSFduVUk5YlJhWGdZSThGS0VRV3prbWVsQnRjbTE4Uzl3SGZxZnVpeFlnVE1DZ1lFQXc3OXkKMDhCVVVPdVZiUDZNMGFFUnpJMU1leW9YcE9GWEIyS25DM1VhUElZV1ZSQ2FHeFdhcEhyeXdLNDF6a0RMZVRZRQpXSDQ0UlA3UjA4aGViQ1NOU2hlNkJ0UGQwYjJpdkxNNWZ1NzB5WnN1Y1l1QU5nM2JKdlFyc2hPSGNTM0lxMTE0CnVPS2xtRXc1R2lIQytkRGhucko0ekpjeVFvV3dlZkNCU0p5RlZ6VUNnWUVBd3hQMlhZbzF4SlFXMTVjZnpXeTUKMk1Fb2RIcmhGNjFYMFBXZW5zcVpKU0pyZEhUUkZnNmx5VGhMMjEzUDF0WkNZYzh5cWhGTzR5Y29pZ1k3UlFjbwpMUXdQL0U2a2p0T3pEMWxPcXdGWHVsRHBFWU1CeE1XUnlGNkR5d0Z4cmEwelc5VHV2VVFray9sMVUwRitQOEdMCkRRK0ZtQUpWbm54SGNFTlcrZHBmZUc4Q2dZQXBYNkhKbC9FNldWRHdCSzJHOFdCdHQ3L2VtSHIrNHBJZWdYK0YKTUc4bk04QXNvcUd2NzlVTHh1RGdVUElXY2lPUHJ4Y2tEU21maTZ5Vjh0ZmlTNmVCYlpwb0x3ZkhlU21ZY05sSwpOditPVFRwM3pXQ0FERld4MmhJU1JZWnZLWm9zZmtreDZ0WE5adTc2MHYvL0JXTnF3NVk4eUFoYmZ4NVo1N2VyCnZVbUJzUUtCZ1FDWUZxUzVMd2ZZNUxBLzVHSm85WnNUd2tjSFJiTnlXd1B3VG81YVh3TWlyWTZkbHZEdGR4MFkKTXpldUVqeU5MWmM0aUlPUmZYbitCblpCZlYvZkgyT2pxRld3SjJidUZ4Vk9hbmFZYUFkeldoUUd0MmQwRUEvSQpGNnNEbGdYdFdCaUFhMnNrd054bHZiNFY5Z2JDNlVlcC9EcmJLbFZJMUNxZ2VmaHRXZ0dJU2c9PQotLS0tLUVORCBSU0EgUFJJVkFURSBLRVktLS0tLQo=\"}}]}\n",
            "kube_proxy_mode": null,
            "labels": null,
            "masters": [
              {
                "availability_zone": "la-north-2a"
              }
            ],
            "multi_az": null,
            "name": "mycce",
            "period": null,
            "period_unit": null,
            "region": "la-north-2",
            "security_group_id": "57c2aa76-3b2c-4b2f-8105-d7dc425794a0",
            "service_network_cidr": "10.247.0.0/16",
            "status": "Available",
            "subnet_id": "8b0616d0-f403-40ef-a831-72bc310fec97",
            "tags": null,
            "timeouts": null,
            "vpc_id": "a3d434fc-60e8-49c0-a530-d16d0a5957f2"
          },
          "sensitive_attributes": [],
          "private": "eyJlMmJmYjczMC1lY2FhLTExZTYtOGY4OC0zNDM2M2JjN2M0YzAiOnsiY3JlYXRlIjoxODAwMDAwMDAwMDAwLCJkZWxldGUiOjE4MDAwMDAwMDAwMDAsInVwZGF0ZSI6MTgwMDAwMDAwMDAwMH19",
          "dependencies": [
            "huaweicloud_vpc.myvpc",
            "huaweicloud_vpc_eip.myeip1",
            "huaweicloud_vpc_subnet.mysubnet"
          ]
        }
      ]
    },
    {
      "mode": "managed",
      "type": "huaweicloud_cce_node",
      "name": "mynode",
      "provider": "provider[\"registry.terraform.io/huaweicloud/huaweicloud\"]",
      "instances": [
        {
          "schema_version": 0,
          "attributes": {
            "annotations": null,
            "auto_pay": null,
            "auto_renew": null,
            "availability_zone": "la-north-2a",
            "bandwidth_charge_mode": null,
            "bandwidth_size": null,
            "billing_mode": null,
            "charging_mode": null,
            "cluster_id": "4b4e246f-734a-11ee-8430-0255ac100105",
            "data_volumes": [
              {
                "extend_param": "",
                "extend_params": {},
                "hw_passthrough": false,
                "kms_key_id": "",
                "size": 100,
                "volumetype": "SAS"
              }
            ],
            "ecs_group_id": "",
            "ecs_performance_type": null,
            "eip_id": "a06df7d0-26af-4c3b-8506-f9d672ce5967",
            "eip_ids": null,
            "extend_param": null,
            "extend_param_charging_mode": null,
            "fixed_ip": null,
            "flavor_id": "s6.large.4",
            "id": "00d8d12f-734b-11ee-8430-0255ac100105",
            "iptype": null,
            "keep_ecs": null,
            "key_pair": "la-north-2-keypair",
            "labels": null,
            "max_pods": null,
            "name": "mynode",
            "order_id": null,
            "os": "CentOS 7.6",
            "password": null,
            "period": null,
            "period_unit": null,
            "postinstall": null,
            "preinstall": null,
            "private_ip": "10.10.1.134",
            "product_id": null,
            "public_ip": "122.8.181.40",
            "public_key": null,
            "region": "la-north-2",
            "root_volume": [
              {
                "extend_param": "",
                "extend_params": {},
                "hw_passthrough": false,
                "size": 40,
                "volumetype": "SAS"
              }
            ],
            "runtime": "docker",
            "server_id": "d2f854a2-d35f-455e-9bcc-0a67a55e4dd4",
            "sharetype": null,
            "status": "Active",
            "storage": [],
            "subnet_id": "8b0616d0-f403-40ef-a831-72bc310fec97",
            "tags": {
              "CCE-Cluster-ID": "4b4e246f-734a-11ee-8430-0255ac100105"
            },
            "taints": [],
            "timeouts": null
          },
          "sensitive_attributes": [],
          "private": "eyJlMmJmYjczMC1lY2FhLTExZTYtOGY4OC0zNDM2M2JjN2M0YzAiOnsiY3JlYXRlIjoxMjAwMDAwMDAwMDAwLCJkZWxldGUiOjEyMDAwMDAwMDAwMDB9fQ==",
          "dependencies": [
            "data.huaweicloud_availability_zones.myaz",
            "huaweicloud_cce_cluster.mycce",
            "huaweicloud_compute_keypair.keypair",
            "huaweicloud_vpc.myvpc",
            "huaweicloud_vpc_eip.myeip1",
            "huaweicloud_vpc_eip.myeip2",
            "huaweicloud_vpc_subnet.mysubnet"
          ]
        }
      ]
    },
    {
      "mode": "managed",
      "type": "huaweicloud_compute_keypair",
      "name": "keypair",
      "provider": "provider[\"registry.terraform.io/huaweicloud/huaweicloud\"]",
      "instances": [
        {
          "schema_version": 0,
          "attributes": {
            "id": "la-north-2-keypair",
            "key_file": null,
            "name": "la-north-2-keypair",
            "public_key": "ssh-rsa AAAAB3NzaC1yc2EAAAADAQABAAABgQC4Vki3nRuWj7dPqu3/A9s+/mgGNv1G5CZ3L4piHoaaAFG0XskjF2lWY7jN8L9avPnmCvWFz4lBFWwZTWPpOmG9eArHMWSPlhfsvx46HX4gPhLTO3sVhGyG8ilMAwzeKnSn5HLu/9A4h8vZBJlQLpJi/tXvQdcvEKGOI6CgvERCUddRwsds0c4+068PV1igHnD5Z8LWAOwjeu0NYiLMDSjQeJ6vJ+n9XJ3n5Mb8Sg/wGmusNzvVkZYFWcmbvkP7/B0hlKPXvj/adizTDy1ocuJkcyfdE7v5K3pLoZQNgsZj9BVS9fli7rMGkV505Gwd99BP+FYBaBkZSN/ubOkGo3I2PL5UclgR5KPiwc2kIt41aAsHfeNsyZtdPJSocKYP8xAkTTe91Dlj5/vHR3Op1BlMCtXGkUAZjTdvt0JoYsxeNT6yvGSLfzt4AOHbBJGGpualNihO8KVBbnF45OBiPVJRqhO5GvljbVgTGdc6wlaLnd5RlKhvN1+l0jMOGn+ffKM= china\\n84147526@N84147526A\n",
            "region": "la-north-2"
          },
          "sensitive_attributes": [],
          "private": "bnVsbA=="
        }
      ]
    },
    {
      "mode": "managed",
      "type": "huaweicloud_networking_secgroup",
      "name": "securitygroup",
      "provider": "provider[\"registry.terraform.io/huaweicloud/huaweicloud\"]",
      "instances": [
        {
          "schema_version": 0,
          "attributes": {
            "created_at": "2023-10-25T15:22:08Z",
            "delete_default_rules": true,
            "description": "iaac-production security group",
            "enterprise_project_id": "0",
            "id": "4e1aee10-ca1d-4605-ae5b-b66c86a38954",
            "name": "iaac-production-sg",
            "region": "la-north-2",
            "rules": [],
            "timeouts": null,
            "updated_at": "2023-10-25T15:22:08Z"
          },
          "sensitive_attributes": [],
          "private": "eyJlMmJmYjczMC1lY2FhLTExZTYtOGY4OC0zNDM2M2JjN2M0YzAiOnsiZGVsZXRlIjo2MDAwMDAwMDAwMDB9fQ=="
        }
      ]
    },
    {
      "mode": "managed",
      "type": "huaweicloud_networking_secgroup_rule",
      "name": "allow_rules_egress",
      "provider": "provider[\"registry.terraform.io/huaweicloud/huaweicloud\"]",
      "instances": [
        {
          "schema_version": 0,
          "attributes": {
            "action": "allow",
            "description": "",
            "direction": "egress",
            "ethertype": "IPv4",
            "id": "d904ac4b-8043-4956-a673-2e6cd2819610",
            "port_range_max": 0,
            "port_range_min": 0,
            "ports": "",
            "priority": 1,
            "protocol": "",
            "region": "la-north-2",
            "remote_address_group_id": "",
            "remote_group_id": "",
            "remote_ip_prefix": "0.0.0.0/0",
            "security_group_id": "4e1aee10-ca1d-4605-ae5b-b66c86a38954",
            "timeouts": null
          },
          "sensitive_attributes": [],
          "private": "eyJlMmJmYjczMC1lY2FhLTExZTYtOGY4OC0zNDM2M2JjN2M0YzAiOnsiZGVsZXRlIjo2MDAwMDAwMDAwMDB9fQ==",
          "dependencies": [
            "huaweicloud_networking_secgroup.securitygroup"
          ]
        }
      ]
    },
    {
      "mode": "managed",
      "type": "huaweicloud_networking_secgroup_rule",
      "name": "allow_rules_egress_cce",
      "provider": "provider[\"registry.terraform.io/huaweicloud/huaweicloud\"]",
      "instances": [
        {
          "schema_version": 0,
          "attributes": {
            "action": "allow",
            "description": "",
            "direction": "egress",
            "ethertype": "IPv4",
            "id": "3fc1a65a-e236-4f16-9ab6-be537e4d0a9e",
            "port_range_max": 0,
            "port_range_min": 0,
            "ports": "",
            "priority": 1,
            "protocol": "",
            "region": "la-north-2",
            "remote_address_group_id": "",
            "remote_group_id": "",
            "remote_ip_prefix": "0.0.0.0/0",
            "security_group_id": "57c2aa76-3b2c-4b2f-8105-d7dc425794a0",
            "timeouts": null
          },
          "sensitive_attributes": [],
          "private": "eyJlMmJmYjczMC1lY2FhLTExZTYtOGY4OC0zNDM2M2JjN2M0YzAiOnsiZGVsZXRlIjo2MDAwMDAwMDAwMDB9fQ==",
          "dependencies": [
            "huaweicloud_cce_cluster.mycce",
            "huaweicloud_vpc.myvpc",
            "huaweicloud_vpc_eip.myeip1",
            "huaweicloud_vpc_subnet.mysubnet"
          ]
        }
      ]
    },
    {
      "mode": "managed",
      "type": "huaweicloud_networking_secgroup_rule",
      "name": "allow_rules_ingress_cce",
      "provider": "provider[\"registry.terraform.io/huaweicloud/huaweicloud\"]",
      "instances": [
        {
          "index_key": "rule1",
          "schema_version": 0,
          "attributes": {
            "action": "allow",
            "description": "SSH Remotely Login from Internet for Linux",
            "direction": "ingress",
            "ethertype": "IPv4",
            "id": "16c99b07-cb74-42e3-aa78-29fe4e0b1d3a",
            "port_range_max": 22,
            "port_range_min": 22,
            "ports": "22",
            "priority": 1,
            "protocol": "tcp",
            "region": "la-north-2",
            "remote_address_group_id": "",
            "remote_group_id": "",
            "remote_ip_prefix": "0.0.0.0/0",
            "security_group_id": "57c2aa76-3b2c-4b2f-8105-d7dc425794a0",
            "timeouts": null
          },
          "sensitive_attributes": [],
          "private": "eyJlMmJmYjczMC1lY2FhLTExZTYtOGY4OC0zNDM2M2JjN2M0YzAiOnsiZGVsZXRlIjo2MDAwMDAwMDAwMDB9fQ==",
          "dependencies": [
            "huaweicloud_cce_cluster.mycce",
            "huaweicloud_vpc.myvpc",
            "huaweicloud_vpc_eip.myeip1",
            "huaweicloud_vpc_subnet.mysubnet"
          ]
        },
        {
          "index_key": "rule2",
          "schema_version": 0,
          "attributes": {
            "action": "allow",
            "description": "RDP Remotely Login from Internet for Windows",
            "direction": "ingress",
            "ethertype": "IPv4",
            "id": "57c9da1c-ae9b-4496-bd9c-df822d269bee",
            "port_range_max": 3389,
            "port_range_min": 3389,
            "ports": "3389",
            "priority": 1,
            "protocol": "tcp",
            "region": "la-north-2",
            "remote_address_group_id": "",
            "remote_group_id": "",
            "remote_ip_prefix": "0.0.0.0/0",
            "security_group_id": "57c2aa76-3b2c-4b2f-8105-d7dc425794a0",
            "timeouts": null
          },
          "sensitive_attributes": [],
          "private": "eyJlMmJmYjczMC1lY2FhLTExZTYtOGY4OC0zNDM2M2JjN2M0YzAiOnsiZGVsZXRlIjo2MDAwMDAwMDAwMDB9fQ==",
          "dependencies": [
            "huaweicloud_cce_cluster.mycce",
            "huaweicloud_vpc.myvpc",
            "huaweicloud_vpc_eip.myeip1",
            "huaweicloud_vpc_subnet.mysubnet"
          ]
        },
        {
          "index_key": "rule3",
          "schema_version": 0,
          "attributes": {
            "action": "allow",
            "description": "Access Webserver HTTP from Internet",
            "direction": "ingress",
            "ethertype": "IPv4",
            "id": "856fb265-03d0-497f-b798-334b9009de10",
            "port_range_max": 80,
            "port_range_min": 80,
            "ports": "80",
            "priority": 1,
            "protocol": "tcp",
            "region": "la-north-2",
            "remote_address_group_id": "",
            "remote_group_id": "",
            "remote_ip_prefix": "0.0.0.0/0",
            "security_group_id": "57c2aa76-3b2c-4b2f-8105-d7dc425794a0",
            "timeouts": null
          },
          "sensitive_attributes": [],
          "private": "eyJlMmJmYjczMC1lY2FhLTExZTYtOGY4OC0zNDM2M2JjN2M0YzAiOnsiZGVsZXRlIjo2MDAwMDAwMDAwMDB9fQ==",
          "dependencies": [
            "huaweicloud_cce_cluster.mycce",
            "huaweicloud_vpc.myvpc",
            "huaweicloud_vpc_eip.myeip1",
            "huaweicloud_vpc_subnet.mysubnet"
          ]
        },
        {
          "index_key": "rule4",
          "schema_version": 0,
          "attributes": {
            "action": "allow",
            "description": "Access Webserver HTTPs from Internet",
            "direction": "ingress",
            "ethertype": "IPv4",
            "id": "2da173f8-9b97-4666-ae68-d64f91e8bc78",
            "port_range_max": 443,
            "port_range_min": 443,
            "ports": "443",
            "priority": 1,
            "protocol": "tcp",
            "region": "la-north-2",
            "remote_address_group_id": "",
            "remote_group_id": "",
            "remote_ip_prefix": "0.0.0.0/0",
            "security_group_id": "57c2aa76-3b2c-4b2f-8105-d7dc425794a0",
            "timeouts": null
          },
          "sensitive_attributes": [],
          "private": "eyJlMmJmYjczMC1lY2FhLTExZTYtOGY4OC0zNDM2M2JjN2M0YzAiOnsiZGVsZXRlIjo2MDAwMDAwMDAwMDB9fQ==",
          "dependencies": [
            "huaweicloud_cce_cluster.mycce",
            "huaweicloud_vpc.myvpc",
            "huaweicloud_vpc_eip.myeip1",
            "huaweicloud_vpc_subnet.mysubnet"
          ]
        },
        {
          "index_key": "rule5",
          "schema_version": 0,
          "attributes": {
            "action": "allow",
            "description": "Access RDS from the VPC CIDR",
            "direction": "ingress",
            "ethertype": "IPv4",
            "id": "68ea20e9-4b12-4732-bd67-e78b0593628d",
            "port_range_max": 3306,
            "port_range_min": 3306,
            "ports": "3306",
            "priority": 1,
            "protocol": "tcp",
            "region": "la-north-2",
            "remote_address_group_id": "",
            "remote_group_id": "",
            "remote_ip_prefix": "0.0.0.0/0",
            "security_group_id": "57c2aa76-3b2c-4b2f-8105-d7dc425794a0",
            "timeouts": null
          },
          "sensitive_attributes": [],
          "private": "eyJlMmJmYjczMC1lY2FhLTExZTYtOGY4OC0zNDM2M2JjN2M0YzAiOnsiZGVsZXRlIjo2MDAwMDAwMDAwMDB9fQ==",
          "dependencies": [
            "huaweicloud_cce_cluster.mycce",
            "huaweicloud_vpc.myvpc",
            "huaweicloud_vpc_eip.myeip1",
            "huaweicloud_vpc_subnet.mysubnet"
          ]
        },
        {
          "index_key": "rule6",
          "schema_version": 0,
          "attributes": {
            "action": "allow",
            "description": "Access VPC from the VPC CIDR",
            "direction": "ingress",
            "ethertype": "IPv4",
            "id": "007fe18f-a441-466a-93c3-6e00e57e2a96",
            "port_range_max": 6379,
            "port_range_min": 6379,
            "ports": "6379",
            "priority": 1,
            "protocol": "tcp",
            "region": "la-north-2",
            "remote_address_group_id": "",
            "remote_group_id": "",
            "remote_ip_prefix": "0.0.0.0/0",
            "security_group_id": "57c2aa76-3b2c-4b2f-8105-d7dc425794a0",
            "timeouts": null
          },
          "sensitive_attributes": [],
          "private": "eyJlMmJmYjczMC1lY2FhLTExZTYtOGY4OC0zNDM2M2JjN2M0YzAiOnsiZGVsZXRlIjo2MDAwMDAwMDAwMDB9fQ==",
          "dependencies": [
            "huaweicloud_cce_cluster.mycce",
            "huaweicloud_vpc.myvpc",
            "huaweicloud_vpc_eip.myeip1",
            "huaweicloud_vpc_subnet.mysubnet"
          ]
        },
        {
          "index_key": "rule7",
          "schema_version": 0,
          "attributes": {
            "action": "allow",
            "description": "Access node webpage from Internet",
            "direction": "ingress",
            "ethertype": "IPv4",
            "id": "cf4c001a-6111-4569-8faf-db346a92c2c6",
            "port_range_max": 3000,
            "port_range_min": 3000,
            "ports": "3000",
            "priority": 1,
            "protocol": "tcp",
            "region": "la-north-2",
            "remote_address_group_id": "",
            "remote_group_id": "",
            "remote_ip_prefix": "0.0.0.0/0",
            "security_group_id": "57c2aa76-3b2c-4b2f-8105-d7dc425794a0",
            "timeouts": null
          },
          "sensitive_attributes": [],
          "private": "eyJlMmJmYjczMC1lY2FhLTExZTYtOGY4OC0zNDM2M2JjN2M0YzAiOnsiZGVsZXRlIjo2MDAwMDAwMDAwMDB9fQ==",
          "dependencies": [
            "huaweicloud_cce_cluster.mycce",
            "huaweicloud_vpc.myvpc",
            "huaweicloud_vpc_eip.myeip1",
            "huaweicloud_vpc_subnet.mysubnet"
          ]
        }
      ]
    },
    {
      "mode": "managed",
      "type": "huaweicloud_networking_secgroup_rule",
      "name": "allow_rules_ingress_main",
      "provider": "provider[\"registry.terraform.io/huaweicloud/huaweicloud\"]",
      "instances": [
        {
          "index_key": "rule1",
          "schema_version": 0,
          "attributes": {
            "action": "allow",
            "description": "SSH Remotely Login from Internet for Linux",
            "direction": "ingress",
            "ethertype": "IPv4",
            "id": "10da50b9-8a63-44e2-90a8-9a426b85714c",
            "port_range_max": 22,
            "port_range_min": 22,
            "ports": "22",
            "priority": 1,
            "protocol": "tcp",
            "region": "la-north-2",
            "remote_address_group_id": "",
            "remote_group_id": "",
            "remote_ip_prefix": "0.0.0.0/0",
            "security_group_id": "4e1aee10-ca1d-4605-ae5b-b66c86a38954",
            "timeouts": null
          },
          "sensitive_attributes": [],
          "private": "eyJlMmJmYjczMC1lY2FhLTExZTYtOGY4OC0zNDM2M2JjN2M0YzAiOnsiZGVsZXRlIjo2MDAwMDAwMDAwMDB9fQ==",
          "dependencies": [
            "huaweicloud_networking_secgroup.securitygroup"
          ]
        },
        {
          "index_key": "rule2",
          "schema_version": 0,
          "attributes": {
            "action": "allow",
            "description": "RDP Remotely Login from Internet for Windows",
            "direction": "ingress",
            "ethertype": "IPv4",
            "id": "57424b3b-c488-477e-ad2a-fb285a625967",
            "port_range_max": 3389,
            "port_range_min": 3389,
            "ports": "3389",
            "priority": 1,
            "protocol": "tcp",
            "region": "la-north-2",
            "remote_address_group_id": "",
            "remote_group_id": "",
            "remote_ip_prefix": "0.0.0.0/0",
            "security_group_id": "4e1aee10-ca1d-4605-ae5b-b66c86a38954",
            "timeouts": null
          },
          "sensitive_attributes": [],
          "private": "eyJlMmJmYjczMC1lY2FhLTExZTYtOGY4OC0zNDM2M2JjN2M0YzAiOnsiZGVsZXRlIjo2MDAwMDAwMDAwMDB9fQ==",
          "dependencies": [
            "huaweicloud_networking_secgroup.securitygroup"
          ]
        },
        {
          "index_key": "rule3",
          "schema_version": 0,
          "attributes": {
            "action": "allow",
            "description": "Access Webserver HTTP from Internet",
            "direction": "ingress",
            "ethertype": "IPv4",
            "id": "c79f8c07-24fc-47dc-85b9-3f5a5742a854",
            "port_range_max": 80,
            "port_range_min": 80,
            "ports": "80",
            "priority": 1,
            "protocol": "tcp",
            "region": "la-north-2",
            "remote_address_group_id": "",
            "remote_group_id": "",
            "remote_ip_prefix": "0.0.0.0/0",
            "security_group_id": "4e1aee10-ca1d-4605-ae5b-b66c86a38954",
            "timeouts": null
          },
          "sensitive_attributes": [],
          "private": "eyJlMmJmYjczMC1lY2FhLTExZTYtOGY4OC0zNDM2M2JjN2M0YzAiOnsiZGVsZXRlIjo2MDAwMDAwMDAwMDB9fQ==",
          "dependencies": [
            "huaweicloud_networking_secgroup.securitygroup"
          ]
        },
        {
          "index_key": "rule4",
          "schema_version": 0,
          "attributes": {
            "action": "allow",
            "description": "Access Webserver HTTPs from Internet",
            "direction": "ingress",
            "ethertype": "IPv4",
            "id": "262505c5-053f-4b85-ada3-2ec7a53b95b6",
            "port_range_max": 443,
            "port_range_min": 443,
            "ports": "443",
            "priority": 1,
            "protocol": "tcp",
            "region": "la-north-2",
            "remote_address_group_id": "",
            "remote_group_id": "",
            "remote_ip_prefix": "0.0.0.0/0",
            "security_group_id": "4e1aee10-ca1d-4605-ae5b-b66c86a38954",
            "timeouts": null
          },
          "sensitive_attributes": [],
          "private": "eyJlMmJmYjczMC1lY2FhLTExZTYtOGY4OC0zNDM2M2JjN2M0YzAiOnsiZGVsZXRlIjo2MDAwMDAwMDAwMDB9fQ==",
          "dependencies": [
            "huaweicloud_networking_secgroup.securitygroup"
          ]
        },
        {
          "index_key": "rule5",
          "schema_version": 0,
          "attributes": {
            "action": "allow",
            "description": "Access RDS from the VPC CIDR",
            "direction": "ingress",
            "ethertype": "IPv4",
            "id": "38166c15-861e-49c4-9b69-4cff144df4ee",
            "port_range_max": 3306,
            "port_range_min": 3306,
            "ports": "3306",
            "priority": 1,
            "protocol": "tcp",
            "region": "la-north-2",
            "remote_address_group_id": "",
            "remote_group_id": "",
            "remote_ip_prefix": "0.0.0.0/0",
            "security_group_id": "4e1aee10-ca1d-4605-ae5b-b66c86a38954",
            "timeouts": null
          },
          "sensitive_attributes": [],
          "private": "eyJlMmJmYjczMC1lY2FhLTExZTYtOGY4OC0zNDM2M2JjN2M0YzAiOnsiZGVsZXRlIjo2MDAwMDAwMDAwMDB9fQ==",
          "dependencies": [
            "huaweicloud_networking_secgroup.securitygroup"
          ]
        },
        {
          "index_key": "rule6",
          "schema_version": 0,
          "attributes": {
            "action": "allow",
            "description": "Access VPC from the VPC CIDR",
            "direction": "ingress",
            "ethertype": "IPv4",
            "id": "e369f8a8-9212-4a16-8f5a-ae40d3648853",
            "port_range_max": 6379,
            "port_range_min": 6379,
            "ports": "6379",
            "priority": 1,
            "protocol": "tcp",
            "region": "la-north-2",
            "remote_address_group_id": "",
            "remote_group_id": "",
            "remote_ip_prefix": "0.0.0.0/0",
            "security_group_id": "4e1aee10-ca1d-4605-ae5b-b66c86a38954",
            "timeouts": null
          },
          "sensitive_attributes": [],
          "private": "eyJlMmJmYjczMC1lY2FhLTExZTYtOGY4OC0zNDM2M2JjN2M0YzAiOnsiZGVsZXRlIjo2MDAwMDAwMDAwMDB9fQ==",
          "dependencies": [
            "huaweicloud_networking_secgroup.securitygroup"
          ]
        },
        {
          "index_key": "rule7",
          "schema_version": 0,
          "attributes": {
            "action": "allow",
            "description": "Access node webpage from Internet",
            "direction": "ingress",
            "ethertype": "IPv4",
            "id": "65a4f03d-cf22-456c-83af-e78d12ac9dfc",
            "port_range_max": 3000,
            "port_range_min": 3000,
            "ports": "3000",
            "priority": 1,
            "protocol": "tcp",
            "region": "la-north-2",
            "remote_address_group_id": "",
            "remote_group_id": "",
            "remote_ip_prefix": "0.0.0.0/0",
            "security_group_id": "4e1aee10-ca1d-4605-ae5b-b66c86a38954",
            "timeouts": null
          },
          "sensitive_attributes": [],
          "private": "eyJlMmJmYjczMC1lY2FhLTExZTYtOGY4OC0zNDM2M2JjN2M0YzAiOnsiZGVsZXRlIjo2MDAwMDAwMDAwMDB9fQ==",
          "dependencies": [
            "huaweicloud_networking_secgroup.securitygroup"
          ]
        }
      ]
    },
    {
      "mode": "managed",
      "type": "huaweicloud_swr_organization",
      "name": "my_organization",
      "provider": "provider[\"registry.terraform.io/huaweicloud/huaweicloud\"]",
      "instances": [
        {
          "schema_version": 0,
          "attributes": {
            "creator": "HWhandon180",
            "id": "terraform-organization",
            "login_server": "swr.la-north-2.myhuaweicloud.com",
            "name": "terraform-organization",
            "permission": "Manage",
            "region": "la-north-2",
            "timeouts": null
          },
          "sensitive_attributes": [],
          "private": "eyJlMmJmYjczMC1lY2FhLTExZTYtOGY4OC0zNDM2M2JjN2M0YzAiOnsiY3JlYXRlIjozMDAwMDAwMDAwMDAsImRlbGV0ZSI6MzAwMDAwMDAwMDAwfX0="
        }
      ]
    },
    {
      "mode": "managed",
      "type": "huaweicloud_vpc",
      "name": "myvpc",
      "provider": "provider[\"registry.terraform.io/huaweicloud/huaweicloud\"]",
      "instances": [
        {
          "schema_version": 0,
          "attributes": {
            "cidr": "10.10.0.0/16",
            "description": "",
            "enterprise_project_id": "0",
            "id": "a3d434fc-60e8-49c0-a530-d16d0a5957f2",
            "name": "vpc-basic",
            "region": "la-north-2",
            "routes": [],
            "secondary_cidr": null,
            "status": "OK",
            "tags": null,
            "timeouts": null
          },
          "sensitive_attributes": [],
          "private": "eyJlMmJmYjczMC1lY2FhLTExZTYtOGY4OC0zNDM2M2JjN2M0YzAiOnsiY3JlYXRlIjo2MDAwMDAwMDAwMDAsImRlbGV0ZSI6MTgwMDAwMDAwMDAwfX0="
        }
      ]
    },
    {
      "mode": "managed",
      "type": "huaweicloud_vpc_eip",
      "name": "myeip1",
      "provider": "provider[\"registry.terraform.io/huaweicloud/huaweicloud\"]",
      "instances": [
        {
          "schema_version": 0,
          "attributes": {
            "address": "122.8.187.72",
            "auto_pay": null,
            "auto_renew": null,
            "bandwidth": [
              {
                "charge_mode": "traffic",
                "id": "89273347-ec32-45b2-a690-2fcb686ed1a6",
                "name": "mybandwidth",
                "share_type": "PER",
                "size": 50
              }
            ],
            "charging_mode": null,
            "enterprise_project_id": "0",
            "id": "27312e52-961c-47e8-b5a2-e32c5fcdff5e",
            "ipv6_address": "",
            "name": "",
            "period": null,
            "period_unit": null,
            "port_id": "",
            "private_ip": "",
            "publicip": [
              {
                "ip_address": "122.8.187.72",
                "ip_version": 4,
                "port_id": "",
                "type": "5_bgp"
              }
            ],
            "region": "la-north-2",
            "status": "UNBOUND",
            "tags": null,
            "timeouts": null
          },
          "sensitive_attributes": [],
          "private": "eyJlMmJmYjczMC1lY2FhLTExZTYtOGY4OC0zNDM2M2JjN2M0YzAiOnsiY3JlYXRlIjo2MDAwMDAwMDAwMDAsImRlbGV0ZSI6NjAwMDAwMDAwMDAwLCJ1cGRhdGUiOjMwMDAwMDAwMDAwMH19"
        }
      ]
    },
    {
      "mode": "managed",
      "type": "huaweicloud_vpc_eip",
      "name": "myeip2",
      "provider": "provider[\"registry.terraform.io/huaweicloud/huaweicloud\"]",
      "instances": [
        {
          "schema_version": 0,
          "attributes": {
            "address": "122.8.181.40",
            "auto_pay": null,
            "auto_renew": null,
            "bandwidth": [
              {
                "charge_mode": "traffic",
                "id": "c95050d6-1cab-4a3f-90ea-56724cd6c50c",
                "name": "mybandwidth",
                "share_type": "PER",
                "size": 50
              }
            ],
            "charging_mode": null,
            "enterprise_project_id": "0",
            "id": "a06df7d0-26af-4c3b-8506-f9d672ce5967",
            "ipv6_address": "",
            "name": "",
            "period": null,
            "period_unit": null,
            "port_id": "",
            "private_ip": "",
            "publicip": [
              {
                "ip_address": "122.8.181.40",
                "ip_version": 4,
                "port_id": "",
                "type": "5_bgp"
              }
            ],
            "region": "la-north-2",
            "status": "UNBOUND",
            "tags": null,
            "timeouts": null
          },
          "sensitive_attributes": [],
          "private": "eyJlMmJmYjczMC1lY2FhLTExZTYtOGY4OC0zNDM2M2JjN2M0YzAiOnsiY3JlYXRlIjo2MDAwMDAwMDAwMDAsImRlbGV0ZSI6NjAwMDAwMDAwMDAwLCJ1cGRhdGUiOjMwMDAwMDAwMDAwMH19"
        }
      ]
    },
    {
      "mode": "managed",
      "type": "huaweicloud_vpc_subnet",
      "name": "mysubnet",
      "provider": "provider[\"registry.terraform.io/huaweicloud/huaweicloud\"]",
      "instances": [
        {
          "schema_version": 0,
          "attributes": {
            "availability_zone": "",
            "cidr": "10.10.1.0/24",
            "description": "",
            "dhcp_enable": true,
            "dns_list": [
              "100.125.1.250",
              "100.125.21.250"
            ],
            "gateway_ip": "10.10.1.1",
            "id": "8b0616d0-f403-40ef-a831-72bc310fec97",
            "ipv6_cidr": "",
            "ipv6_enable": false,
            "ipv6_gateway": "",
            "ipv6_subnet_id": "",
            "name": "subent-basic",
            "primary_dns": "100.125.1.250",
            "region": "la-north-2",
            "secondary_dns": "100.125.21.250",
            "subnet_id": "a1bc4585-75a7-4072-b739-8bac73701148",
            "tags": null,
            "timeouts": null,
            "vpc_id": "a3d434fc-60e8-49c0-a530-d16d0a5957f2"
          },
          "sensitive_attributes": [],
          "private": "eyJlMmJmYjczMC1lY2FhLTExZTYtOGY4OC0zNDM2M2JjN2M0YzAiOnsiY3JlYXRlIjozMDAwMDAwMDAwMDAsImRlbGV0ZSI6MzAwMDAwMDAwMDAwfX0=",
          "dependencies": [
            "huaweicloud_vpc.myvpc"
          ]
        }
      ]
    },
    {
      "module": "module.provision_remote_exec_image",
      "mode": "managed",
      "type": "null_resource",
      "name": "provision",
      "provider": "provider[\"registry.terraform.io/hashicorp/null\"]",
      "instances": [
        {
          "schema_version": 0,
          "attributes": {
            "id": "1292188623",
            "triggers": null
          },
          "sensitive_attributes": [],
          "dependencies": [
            "data.huaweicloud_availability_zones.myaz",
            "huaweicloud_cce_cluster.mycce",
            "huaweicloud_cce_node.mynode",
            "huaweicloud_compute_keypair.keypair",
            "huaweicloud_networking_secgroup.securitygroup",
            "huaweicloud_swr_organization.my_organization",
            "huaweicloud_vpc.myvpc",
            "huaweicloud_vpc_eip.myeip1",
            "huaweicloud_vpc_eip.myeip2",
            "huaweicloud_vpc_subnet.mysubnet",
            "module.rds_mysql.data.huaweicloud_availability_zones.zones",
            "module.rds_mysql.data.huaweicloud_networking_secgroup.securitygroup",
            "module.rds_mysql.data.huaweicloud_rds_flavors.flavor",
            "module.rds_mysql.data.huaweicloud_vpc.vpc",
            "module.rds_mysql.data.huaweicloud_vpc_subnet.subnet",
            "module.rds_mysql.huaweicloud_rds_instance.single_instance"
          ]
        }
      ]
    },
    {
      "module": "module.rds_mysql",
      "mode": "data",
      "type": "huaweicloud_availability_zones",
      "name": "zones",
      "provider": "provider[\"registry.terraform.io/huaweicloud/huaweicloud\"]",
      "instances": [
        {
          "schema_version": 0,
          "attributes": {
            "id": "1504035816",
            "names": [
              "la-north-2a",
              "la-north-2c"
            ],
            "region": "la-north-2",
            "state": "available"
          },
          "sensitive_attributes": []
        }
      ]
    },
    {
      "module": "module.rds_mysql",
      "mode": "data",
      "type": "huaweicloud_networking_secgroup",
      "name": "securitygroup",
      "provider": "provider[\"registry.terraform.io/huaweicloud/huaweicloud\"]",
      "instances": [
        {
          "schema_version": 0,
          "attributes": {
            "created_at": "2023-10-25T15:22:08Z",
            "description": "iaac-production security group",
            "enterprise_project_id": null,
            "id": "4e1aee10-ca1d-4605-ae5b-b66c86a38954",
            "name": "iaac-production-sg",
            "region": "la-north-2",
            "rules": [
              {
                "action": "allow",
                "description": "SSH Remotely Login from Internet for Linux",
                "direction": "ingress",
                "ethertype": "IPv4",
                "id": "10da50b9-8a63-44e2-90a8-9a426b85714c",
                "port_range_max": 22,
                "port_range_min": 22,
                "ports": "22",
                "priority": 1,
                "protocol": "tcp",
                "remote_address_group_id": "",
                "remote_group_id": "",
                "remote_ip_prefix": "0.0.0.0/0"
              },
              {
                "action": "allow",
                "description": "Access Webserver HTTPs from Internet",
                "direction": "ingress",
                "ethertype": "IPv4",
                "id": "262505c5-053f-4b85-ada3-2ec7a53b95b6",
                "port_range_max": 443,
                "port_range_min": 443,
                "ports": "443",
                "priority": 1,
                "protocol": "tcp",
                "remote_address_group_id": "",
                "remote_group_id": "",
                "remote_ip_prefix": "0.0.0.0/0"
              },
              {
                "action": "allow",
                "description": "Access RDS from the VPC CIDR",
                "direction": "ingress",
                "ethertype": "IPv4",
                "id": "38166c15-861e-49c4-9b69-4cff144df4ee",
                "port_range_max": 3306,
                "port_range_min": 3306,
                "ports": "3306",
                "priority": 1,
                "protocol": "tcp",
                "remote_address_group_id": "",
                "remote_group_id": "",
                "remote_ip_prefix": "0.0.0.0/0"
              },
              {
                "action": "allow",
                "description": "RDP Remotely Login from Internet for Windows",
                "direction": "ingress",
                "ethertype": "IPv4",
                "id": "57424b3b-c488-477e-ad2a-fb285a625967",
                "port_range_max": 3389,
                "port_range_min": 3389,
                "ports": "3389",
                "priority": 1,
                "protocol": "tcp",
                "remote_address_group_id": "",
                "remote_group_id": "",
                "remote_ip_prefix": "0.0.0.0/0"
              },
              {
                "action": "allow",
                "description": "Access node webpage from Internet",
                "direction": "ingress",
                "ethertype": "IPv4",
                "id": "65a4f03d-cf22-456c-83af-e78d12ac9dfc",
                "port_range_max": 3000,
                "port_range_min": 3000,
                "ports": "3000",
                "priority": 1,
                "protocol": "tcp",
                "remote_address_group_id": "",
                "remote_group_id": "",
                "remote_ip_prefix": "0.0.0.0/0"
              },
              {
                "action": "allow",
                "description": "Access Webserver HTTP from Internet",
                "direction": "ingress",
                "ethertype": "IPv4",
                "id": "c79f8c07-24fc-47dc-85b9-3f5a5742a854",
                "port_range_max": 80,
                "port_range_min": 80,
                "ports": "80",
                "priority": 1,
                "protocol": "tcp",
                "remote_address_group_id": "",
                "remote_group_id": "",
                "remote_ip_prefix": "0.0.0.0/0"
              },
              {
                "action": "allow",
                "description": "",
                "direction": "egress",
                "ethertype": "IPv4",
                "id": "d904ac4b-8043-4956-a673-2e6cd2819610",
                "port_range_max": 0,
                "port_range_min": 0,
                "ports": "",
                "priority": 1,
                "protocol": "",
                "remote_address_group_id": "",
                "remote_group_id": "",
                "remote_ip_prefix": "0.0.0.0/0"
              },
              {
                "action": "allow",
                "description": "Access VPC from the VPC CIDR",
                "direction": "ingress",
                "ethertype": "IPv4",
                "id": "e369f8a8-9212-4a16-8f5a-ae40d3648853",
                "port_range_max": 6379,
                "port_range_min": 6379,
                "ports": "6379",
                "priority": 1,
                "protocol": "tcp",
                "remote_address_group_id": "",
                "remote_group_id": "",
                "remote_ip_prefix": "0.0.0.0/0"
              }
            ],
            "secgroup_id": null,
            "updated_at": "2023-10-25T15:22:08Z"
          },
          "sensitive_attributes": []
        }
      ]
    },
    {
      "module": "module.rds_mysql",
      "mode": "data",
      "type": "huaweicloud_rds_flavors",
      "name": "flavor",
      "provider": "provider[\"registry.terraform.io/huaweicloud/huaweicloud\"]",
      "instances": [
        {
          "schema_version": 0,
          "attributes": {
            "availability_zone": null,
            "db_type": "MySQL",
            "db_version": "8.0",
            "flavors": [
              {
                "availability_zones": [
                  "la-north-2a",
                  "la-north-2c"
                ],
                "db_versions": [
                  "8.0"
                ],
                "group_type": "general",
                "id": "0861c9c2-8c05-3ba4-b379-e36ed0d74d98",
                "instance_mode": "single",
                "memory": 8,
                "mode": "single",
                "name": "rds.mysql.n1.large.4",
                "vcpus": 2
              }
            ],
            "group_type": "general",
            "id": "400849276",
            "instance_mode": "single",
            "memory": 8,
            "region": null,
            "vcpus": 2
          },
          "sensitive_attributes": []
        }
      ]
    },
    {
      "module": "module.rds_mysql",
      "mode": "data",
      "type": "huaweicloud_vpc",
      "name": "vpc",
      "provider": "provider[\"registry.terraform.io/huaweicloud/huaweicloud\"]",
      "instances": [
        {
          "schema_version": 0,
          "attributes": {
            "cidr": "10.10.0.0/16",
            "description": "",
            "enterprise_project_id": "0",
            "id": "a3d434fc-60e8-49c0-a530-d16d0a5957f2",
            "name": "vpc-basic",
            "region": "la-north-2",
            "routes": [],
            "status": "OK",
            "tags": {}
          },
          "sensitive_attributes": []
        }
      ]
    },
    {
      "module": "module.rds_mysql",
      "mode": "data",
      "type": "huaweicloud_vpc_subnet",
      "name": "subnet",
      "provider": "provider[\"registry.terraform.io/huaweicloud/huaweicloud\"]",
      "instances": [
        {
          "schema_version": 0,
          "attributes": {
            "availability_zone": "",
            "cidr": "10.10.1.0/24",
            "description": "",
            "dhcp_enable": true,
            "dns_list": [
              "100.125.1.250",
              "100.125.21.250"
            ],
            "gateway_ip": "10.10.1.1",
            "id": "8b0616d0-f403-40ef-a831-72bc310fec97",
            "ipv6_cidr": "",
            "ipv6_enable": false,
            "ipv6_gateway": "",
            "ipv6_subnet_id": "",
            "name": "subent-basic",
            "primary_dns": "100.125.1.250",
            "region": "la-north-2",
            "secondary_dns": "100.125.21.250",
            "status": "ACTIVE",
            "subnet_id": "a1bc4585-75a7-4072-b739-8bac73701148",
            "vpc_id": "a3d434fc-60e8-49c0-a530-d16d0a5957f2"
          },
          "sensitive_attributes": []
        }
      ]
    },
    {
      "module": "module.rds_mysql",
      "mode": "managed",
      "type": "huaweicloud_rds_instance",
      "name": "single_instance",
      "provider": "provider[\"registry.terraform.io/huaweicloud/huaweicloud\"]",
      "instances": [
        {
          "schema_version": 0,
          "attributes": {
            "auto_pay": null,
            "auto_renew": null,
            "availability_zone": [
              "la-north-2a"
            ],
            "backup_strategy": [
              {
                "keep_days": 180,
                "start_time": "05:15-06:15"
              }
            ],
            "charging_mode": "postPaid",
            "created": "2023-10-25T15:27:52+0000",
            "db": [
              {
                "password": "Huawei123+",
                "port": 3306,
                "type": "MySQL",
                "user_name": "root",
                "version": "8.0"
              }
            ],
            "enterprise_project_id": "0",
            "fixed_ip": "10.10.1.158",
            "flavor": "rds.mysql.n1.large.4",
            "ha_replication_mode": "",
            "id": "e34edf1dab2f45ee9309e94574d65b7bin01",
            "name": "iaac-production-rds",
            "nodes": [
              {
                "availability_zone": "la-north-2a",
                "id": "3eca326d7d9a493f85930c8310ebf165no01",
                "name": "iaac-production-rds_node0",
                "role": "master",
                "status": "ACTIVE"
              }
            ],
            "param_group_id": null,
            "period": null,
            "period_unit": null,
            "private_ips": [
              "10.10.1.158"
            ],
            "public_ips": [],
            "region": "la-north-2",
            "security_group_id": "4e1aee10-ca1d-4605-ae5b-b66c86a38954",
            "ssl_enable": null,
            "status": "ACTIVE",
            "subnet_id": "8b0616d0-f403-40ef-a831-72bc310fec97",
            "tags": null,
            "time_zone": "UTC",
            "timeouts": null,
            "volume": [
              {
                "disk_encryption_id": "",
                "size": 100,
                "type": "CLOUDSSD"
              }
            ],
            "vpc_id": "a3d434fc-60e8-49c0-a530-d16d0a5957f2"
          },
          "sensitive_attributes": [],
          "private": "eyJlMmJmYjczMC1lY2FhLTExZTYtOGY4OC0zNDM2M2JjN2M0YzAiOnsiY3JlYXRlIjoxODAwMDAwMDAwMDAwLCJkZWZhdWx0Ijo5MDAwMDAwMDAwMDAsImRlbGV0ZSI6MTgwMDAwMDAwMDAwMCwicmVhZCI6OTAwMDAwMDAwMDAwLCJ1cGRhdGUiOjE4MDAwMDAwMDAwMDB9fQ==",
          "dependencies": [
            "huaweicloud_networking_secgroup.securitygroup",
            "huaweicloud_vpc.myvpc",
            "huaweicloud_vpc_subnet.mysubnet",
            "module.rds_mysql.data.huaweicloud_networking_secgroup.securitygroup",
            "module.rds_mysql.data.huaweicloud_rds_flavors.flavor",
            "module.rds_mysql.data.huaweicloud_vpc.vpc",
            "module.rds_mysql.data.huaweicloud_vpc_subnet.subnet"
          ]
        }
      ]
    }
  ],
  "check_results": null
}
